
Microsoft Visual Studio Solution File, Format Version 12.00
Project("{FAE04EC0-301F-11D3-BF4B-00C04F79EFBC}") = "RapidNovel", "RapidNovel\RapidNovel.csproj", "{6FA5FCF4-3A90-485E-B855-D1F9D1BFA527}"
EndProject
Global
	GlobalSection(SolutionConfigurationPlatforms) = preSolution
		Debug|Any CPU = Debug|Any CPU
		Release|Any CPU = Release|Any CPU
	EndGlobalSection
	GlobalSection(ProjectConfigurationPlatforms) = postSolution
		{6FA5FCF4-3A90-485E-B855-D1F9D1BFA527}.Debug|Any CPU.ActiveCfg = Debug|Any CPU
		{6FA5FCF4-3A90-485E-B855-D1F9D1BFA527}.Debug|Any CPU.Build.0 = Debug|Any CPU
		{6FA5FCF4-3A90-485E-B855-D1F9D1BFA527}.Release|Any CPU.ActiveCfg = Release|Any CPU
		{6FA5FCF4-3A90-485E-B855-D1F9D1BFA527}.Release|Any CPU.Build.0 = Release|Any CPU
	EndGlobalSection
EndGlobal
